
Microsoft Visual Studio Solution File, Format Version 12.00
# Visual Studio 15
VisualStudioVersion = 15.0.28307.572
MinimumVisualStudioVersion = 10.0.40219.1
Project("{FAE04EC0-301F-11D3-BF4B-00C04F79EFBC}") = "ArregloObjetos-G4", "ArregloObjetos-G4\ArregloObjetos-G4.csproj", "{DA17BD64-2C4F-49C2-884F-5D858346931B}"
EndProject
Global
	GlobalSection(SolutionConfigurationPlatforms) = preSolution
		Debug|Any CPU = Debug|Any CPU
		Release|Any CPU = Release|Any CPU
	EndGlobalSection
	GlobalSection(ProjectConfigurationPlatforms) = postSolution
		{DA17BD64-2C4F-49C2-884F-5D858346931B}.Debug|Any CPU.ActiveCfg = Debug|Any CPU
		{DA17BD64-2C4F-49C2-884F-5D858346931B}.Debug|Any CPU.Build.0 = Debug|Any CPU
		{DA17BD64-2C4F-49C2-884F-5D858346931B}.Release|Any CPU.ActiveCfg = Release|Any CPU
		{DA17BD64-2C4F-49C2-884F-5D858346931B}.Release|Any CPU.Build.0 = Release|Any CPU
	EndGlobalSection
	GlobalSection(SolutionProperties) = preSolution
		HideSolutionNode = FALSE
	EndGlobalSection
	GlobalSection(ExtensibilityGlobals) = postSolution
		SolutionGuid = {EF78E295-D6F9-440E-BBE9-C414573CF571}
	EndGlobalSection
EndGlobal
